
Microsoft Visual Studio Solution File, Format Version 12.00
# Visual Studio 15
VisualStudioVersion = 15.0.28307.421
MinimumVisualStudioVersion = 10.0.40219.1
Project("{FAE04EC0-301F-11D3-BF4B-00C04F79EFBC}") = "PetStore.API", "PetStore.API\PetStore.API.csproj", "{632917E1-3397-4DF3-9CCA-D7BB4EED1F0B}"
EndProject
Global
	GlobalSection(SolutionConfigurationPlatforms) = preSolution
		Debug|Any CPU = Debug|Any CPU
		Release|Any CPU = Release|Any CPU
	EndGlobalSection
	GlobalSection(ProjectConfigurationPlatforms) = postSolution
		{632917E1-3397-4DF3-9CCA-D7BB4EED1F0B}.Debug|Any CPU.ActiveCfg = Debug|Any CPU
		{632917E1-3397-4DF3-9CCA-D7BB4EED1F0B}.Debug|Any CPU.Build.0 = Debug|Any CPU
		{632917E1-3397-4DF3-9CCA-D7BB4EED1F0B}.Release|Any CPU.ActiveCfg = Release|Any CPU
		{632917E1-3397-4DF3-9CCA-D7BB4EED1F0B}.Release|Any CPU.Build.0 = Release|Any CPU
	EndGlobalSection
	GlobalSection(SolutionProperties) = preSolution
		HideSolutionNode = FALSE
	EndGlobalSection
	GlobalSection(ExtensibilityGlobals) = postSolution
		SolutionGuid = {77EC9522-C1B0-4911-BB51-1294EE79D458}
	EndGlobalSection
EndGlobal
